
Microsoft Visual Studio Solution File, Format Version 12.00
# Visual Studio Version 17
VisualStudioVersion = 17.5.33414.496
MinimumVisualStudioVersion = 10.0.40219.1
Project("{FAE04EC0-301F-11D3-BF4B-00C04F79EFBC}") = "Post.Commun", "Post.Commun.csproj", "{4B7D0417-7206-404E-A8D4-7FE7523AFD84}"
EndProject
Global
	GlobalSection(SolutionConfigurationPlatforms) = preSolution
		Debug|Any CPU = Debug|Any CPU
		Release|Any CPU = Release|Any CPU
	EndGlobalSection
	GlobalSection(ProjectConfigurationPlatforms) = postSolution
		{4B7D0417-7206-404E-A8D4-7FE7523AFD84}.Debug|Any CPU.ActiveCfg = Debug|Any CPU
		{4B7D0417-7206-404E-A8D4-7FE7523AFD84}.Debug|Any CPU.Build.0 = Debug|Any CPU
		{4B7D0417-7206-404E-A8D4-7FE7523AFD84}.Release|Any CPU.ActiveCfg = Release|Any CPU
		{4B7D0417-7206-404E-A8D4-7FE7523AFD84}.Release|Any CPU.Build.0 = Release|Any CPU
	EndGlobalSection
	GlobalSection(SolutionProperties) = preSolution
		HideSolutionNode = FALSE
	EndGlobalSection
	GlobalSection(ExtensibilityGlobals) = postSolution
		SolutionGuid = {C3DCB155-F807-40D4-9AC4-6C37EF23E42D}
	EndGlobalSection
EndGlobal
